{
  "name": "1337scraper",
  "lockfileVersion": 2,
  "requires": true,
  "packages": {
    "": {
      "dependencies": {
        "playwright-chromium": "^1.29.1"
      }
    },
    "node_modules/playwright-chromium": {
      "version": "1.29.1",
      "resolved": "https://registry.npmjs.org/playwright-chromium/-/playwright-chromium-1.29.1.tgz",
      "integrity": "sha512-Mdt15dIcYyM3MBBBKYQPBWzqcjrMcJ0n9v567DmHYgJk4XfJlQ2jQVzdQ1OyM1oKaOZ70CuC60f1fZtH8KglMA==",
      "hasInstallScript": true,
      "dependencies": {
        "playwright-core": "1.29.1"
      },
      "bin": {
        "playwright": "cli.js"
      },
      "engines": {
        "node": ">=14"
      }
    },
    "node_modules/playwright-core": {
      "version": "1.29.1",
      "resolved": "https://registry.npmjs.org/playwright-core/-/playwright-core-1.29.1.tgz",
      "integrity": "sha512-20Ai3d+lMkWpI9YZYlxk8gxatfgax5STW8GaMozAHwigLiyiKQrdkt7gaoT9UQR8FIVDg6qVXs9IoZUQrDjIIg==",
      "bin": {
        "playwright": "cli.js"
      },
      "engines": {
        "node": ">=14"
      }
    }
  },
  "dependencies": {
    "playwright-chromium": {
      "version": "1.29.1",
      "resolved": "https://registry.npmjs.org/playwright-chromium/-/playwright-chromium-1.29.1.tgz",
      "integrity": "sha512-Mdt15dIcYyM3MBBBKYQPBWzqcjrMcJ0n9v567DmHYgJk4XfJlQ2jQVzdQ1OyM1oKaOZ70CuC60f1fZtH8KglMA==",
      "requires": {
        "playwright-core": "1.29.1"
      }
    },
    "playwright-core": {
      "version": "1.29.1",
      "resolved": "https://registry.npmjs.org/playwright-core/-/playwright-core-1.29.1.tgz",
      "integrity": "sha512-20Ai3d+lMkWpI9YZYlxk8gxatfgax5STW8GaMozAHwigLiyiKQrdkt7gaoT9UQR8FIVDg6qVXs9IoZUQrDjIIg=="
    }
  }
}
